{"filter":false,"title":"composer.lock","tooltip":"/cms/composer.lock","undoManager":{"mark":-1,"position":-1,"stack":[[{"start":{"row":110,"column":27},"end":{"row":110,"column":28},"action":"remove","lines":["1"],"id":5,"ignore":true},{"start":{"row":110,"column":27},"end":{"row":110,"column":28},"action":"insert","lines":["0"]}],[{"start":{"row":110,"column":27},"end":{"row":110,"column":28},"action":"insert","lines":["1"],"id":4}],[{"start":{"row":110,"column":27},"end":{"row":110,"column":28},"action":"remove","lines":["0"],"id":2}]]},"ace":{"folds":[],"scrolltop":869.40625,"scrollleft":0,"selection":{"start":{"row":152,"column":35},"end":{"row":152,"column":35},"isBackwards":false},"options":{"guessTabSize":true,"useWrapMode":false,"wrapToView":true},"firstLineState":{"row":45,"state":"start","mode":"ace/mode/json"}},"timestamp":1546533206654,"hash":"ba316530797f5efb6b3934679e5068ff550920bc"}